
Microsoft Visual Studio Solution File, Format Version 12.00
# Visual Studio 2013
VisualStudioVersion = 12.0.31101.0
MinimumVisualStudioVersion = 10.0.40219.1
Project("{8BC9CEB8-8B4A-11D0-8D11-00A0C91BC942}") = "irrxmlEx", "irrxmlEx\irrxmlEx.vcxproj", "{C04CF5D0-6AE0-42F5-B006-4D818BB241F8}"
EndProject
Project("{8BC9CEB8-8B4A-11D0-8D11-00A0C91BC942}") = "irrKlang", "irrKlang\irrKlang.vcxproj", "{FB15FFD1-BD39-4C29-BD26-C092C84E0E32}"
EndProject
Project("{8BC9CEB8-8B4A-11D0-8D11-00A0C91BC942}") = "irrCloudEx", "irrCloudEx\cloudscenenode.vcxproj", "{D1A464A2-D479-458C-98A2-60965D823CD1}"
EndProject
Project("{8BC9CEB8-8B4A-11D0-8D11-00A0C91BC942}") = "irrWaterEx", "irrWaterEx\irrWaterEx.vcxproj", "{AF98B22B-45E7-4CDF-9D3C-CC793F9238A9}"
EndProject
Project("{8BC9CEB8-8B4A-11D0-8D11-00A0C91BC942}") = "irrgrassEx", "irrgrassEx\irrgrassEx.vcxproj", "{813C6A13-EF34-4767-B8E2-5F3BD291BA71}"
EndProject
Project("{8BC9CEB8-8B4A-11D0-8D11-00A0C91BC942}") = "irrWeatherEx", "irrWeatherEx\irrWeatherEx.vcxproj", "{BE7198AA-B196-46DB-B68C-73F9CD373E66}"
EndProject
Project("{8BC9CEB8-8B4A-11D0-8D11-00A0C91BC942}") = "irrBox2D", "irrBox2D\irrBox2D.vcxproj", "{4CDD0738-A871-4130-92C8-9A6D15241D09}"
EndProject
Project("{8BC9CEB8-8B4A-11D0-8D11-00A0C91BC942}") = "irrTreeEx", "irrTreeEx\irrTreeEx.vcxproj", "{7794DA28-54E3-4D0A-A51A-33E2510293DB}"
EndProject
Project("{8BC9CEB8-8B4A-11D0-8D11-00A0C91BC942}") = "odeEx", "odeEx\odeEx.vcxproj", "{47BF9CC9-057C-4A9E-B614-2267B2FDE3FF}"
EndProject
Project("{8BC9CEB8-8B4A-11D0-8D11-00A0C91BC942}") = "opensslEx2", "opensslEx2\opensslEx2.vcxproj", "{A02FEC9D-4DED-4741-A028-300D31AD55A0}"
EndProject
Project("{8BC9CEB8-8B4A-11D0-8D11-00A0C91BC942}") = "agarEx", "agarEx\agarEx.vcxproj", "{AB1FDBBA-61F5-444C-A479-DD7E8D3A22EE}"
EndProject
Project("{8BC9CEB8-8B4A-11D0-8D11-00A0C91BC942}") = "agarEx2", "agarEx2\agarEx2.vcxproj", "{5A6C55F3-E212-41E6-A687-B41C1EA3EE1D}"
EndProject
Project("{8BC9CEB8-8B4A-11D0-8D11-00A0C91BC942}") = "fluidSynthEx", "fluidSynthEx\fluidSynthEx.vcxproj", "{8C790785-483A-4C7F-8D4B-E128C7AF4F0B}"
EndProject
Project("{8BC9CEB8-8B4A-11D0-8D11-00A0C91BC942}") = "portaudioEx", "portaudioEx\portaudioEx.vcxproj", "{CF8B1478-A082-4EBC-A682-9A822B7CBCBA}"
EndProject
Project("{8BC9CEB8-8B4A-11D0-8D11-00A0C91BC942}") = "libTorrentClient", "libTorrentEx3\ClientTest.vcxproj", "{14F15E82-8F10-44DD-9534-BE89B6C11DCC}"
EndProject
Project("{8BC9CEB8-8B4A-11D0-8D11-00A0C91BC942}") = "zthreadEx", "zthreadEx\zthreadEx.vcxproj", "{673EBCD5-7DF6-452C-9419-8EF25F188A75}"
EndProject
Project("{8BC9CEB8-8B4A-11D0-8D11-00A0C91BC942}") = "wpcapEx", "wpcapEx\wpcapEx.vcxproj", "{1D68E031-B20D-4AF5-B2F0-2101DB3F4E0D}"
EndProject
Project("{8BC9CEB8-8B4A-11D0-8D11-00A0C91BC942}") = "ByteBufferEx", "ByteBufferEx\ByteBufferEx.vcxproj", "{DD937953-9AAB-45E1-AB92-B3D5C194FCF2}"
EndProject
Project("{8BC9CEB8-8B4A-11D0-8D11-00A0C91BC942}") = "ctemplateEx", "ctemplateEx\ctemplateEx.vcxproj", "{1A8C358B-65C1-470C-9CC7-4C03F855769A}"
EndProject
Project("{8BC9CEB8-8B4A-11D0-8D11-00A0C91BC942}") = "cppformatEx", "cppformatEx\cppformatEx.vcxproj", "{23667DC0-F4FA-4122-86E4-EE5430732EE6}"
EndProject
Project("{8BC9CEB8-8B4A-11D0-8D11-00A0C91BC942}") = "popcapEx", "popcapEx\popcapEx.vcxproj", "{D5182A2D-6F34-4219-A07A-D96A7DFEC566}"
EndProject
Project("{8BC9CEB8-8B4A-11D0-8D11-00A0C91BC942}") = "mysqlppEx", "mysqlppEx\mysqlppEx.vcxproj", "{F091EFD1-9932-4F3C-B26E-26D1DC8AC740}"
EndProject
Project("{8BC9CEB8-8B4A-11D0-8D11-00A0C91BC942}") = "v8Ex1", "v8Ex1\v8Ex1.vcxproj", "{98954E16-7C39-4BB5-96ED-4446BD5FB3DD}"
EndProject
Project("{8BC9CEB8-8B4A-11D0-8D11-00A0C91BC942}") = "v8Ex2", "v8Ex2\v8Ex2.vcxproj", "{09E93B57-6D12-411B-9A3C-9AD6BF4DC345}"
EndProject
Project("{8BC9CEB8-8B4A-11D0-8D11-00A0C91BC942}") = "TagLibEx", "TagLibEx\TagLibEx.vcxproj", "{F896B08A-9823-4DB3-9CA9-597033206A5D}"
EndProject
Project("{8BC9CEB8-8B4A-11D0-8D11-00A0C91BC942}") = "nanaEx", "nanaEx\nanaEx.vcxproj", "{6C553DB6-2B64-4952-834D-8EAF197E579C}"
EndProject
Project("{8BC9CEB8-8B4A-11D0-8D11-00A0C91BC942}") = "nanaEx2", "nanaEx2\nanaEx2.vcxproj", "{743EAB8D-BBE1-400E-80F3-B38605A05169}"
EndProject
Project("{8BC9CEB8-8B4A-11D0-8D11-00A0C91BC942}") = "libashttpEx", "libashttpEx\libashttpEx.vcxproj", "{8F2AB2E8-8DF9-4208-BCAE-A5153136325B}"
EndProject
Project("{8BC9CEB8-8B4A-11D0-8D11-00A0C91BC942}") = "xmlrpcClient", "xmlrpcClient\xmlrpcClient.vcxproj", "{AE38B638-441C-48EB-82D7-A7179863EFCF}"
EndProject
Project("{8BC9CEB8-8B4A-11D0-8D11-00A0C91BC942}") = "xmlrpcServer", "xmlrpcServer\xmlrpcServer.vcxproj", "{F413766B-2A03-4DB5-A6CB-83F5531D9201}"
EndProject
Project("{8BC9CEB8-8B4A-11D0-8D11-00A0C91BC942}") = "cairoEx", "cairoEx\cairoEx.vcxproj", "{E123CD05-C440-41A5-B343-84CF8C00B4FD}"
EndProject
Project("{8BC9CEB8-8B4A-11D0-8D11-00A0C91BC942}") = "gtkEx", "gtkEx\gtkEx.vcxproj", "{A4B378EC-2630-48E5-86C9-353A3E981392}"
EndProject
Project("{8BC9CEB8-8B4A-11D0-8D11-00A0C91BC942}") = "gtkEx2", "gtkEx2\gtkEx2.vcxproj", "{11C39744-F17A-4E4D-A101-49E77BDD89C2}"
EndProject
Project("{8BC9CEB8-8B4A-11D0-8D11-00A0C91BC942}") = "spdlogEx", "spdlogEx\spdlogEx.vcxproj", "{CE70953C-A445-4FDC-A351-045BB733DD93}"
EndProject
Project("{8BC9CEB8-8B4A-11D0-8D11-00A0C91BC942}") = "ph7Ex", "ph7Ex\ph7Ex.vcxproj", "{201ADD40-D827-4E3A-88D5-388D25E5D2B5}"
EndProject
Project("{8BC9CEB8-8B4A-11D0-8D11-00A0C91BC942}") = "protobufremoteEx", "protobufremoteEx\protobufremoteEx.vcxproj", "{E159324F-3744-4979-8B5D-E6B18DD5394C}"
EndProject
Project("{8BC9CEB8-8B4A-11D0-8D11-00A0C91BC942}") = "vldEx", "vldEx\vldEx.vcxproj", "{9968A353-2DCC-4061-B875-5D1568BDF507}"
EndProject
Project("{8BC9CEB8-8B4A-11D0-8D11-00A0C91BC942}") = "snowflakeEx", "snowflakeEx\snowflakeEx.vcxproj", "{61921EF1-81E7-4C67-8789-B36895CA7BEF}"
EndProject
Project("{8BC9CEB8-8B4A-11D0-8D11-00A0C91BC942}") = "ogdfEx", "ogdfEx\ogdfEx.vcxproj", "{A72204E5-2CB7-47DC-821C-11180E0DE570}"
EndProject
Project("{8BC9CEB8-8B4A-11D0-8D11-00A0C91BC942}") = "blitzEx", "blitzEx\blitzEx.vcxproj", "{AC00A093-261D-453C-9983-F9F184DA95F1}"
EndProject
Project("{8BC9CEB8-8B4A-11D0-8D11-00A0C91BC942}") = "mpirEx", "mpirEx\mpirEx.vcxproj", "{BE03AA54-EE0E-4B04-950A-5E940EE4C640}"
EndProject
Project("{8BC9CEB8-8B4A-11D0-8D11-00A0C91BC942}") = "pantheiosEx", "pantheiosEx\pantheiosEx.vcxproj", "{70D7343D-5305-45D4-91E9-9AECB75C8EE4}"
EndProject
Project("{8BC9CEB8-8B4A-11D0-8D11-00A0C91BC942}") = "clxEx", "clxEx\clxEx.vcxproj", "{E1559D1F-A13C-4A2E-831B-C9FF01D09850}"
EndProject
Project("{8BC9CEB8-8B4A-11D0-8D11-00A0C91BC942}") = "coldetEx", "coldetEx\coldetEx.vcxproj", "{228E223D-D362-410F-9DC7-2213B96D568D}"
EndProject
Project("{8BC9CEB8-8B4A-11D0-8D11-00A0C91BC942}") = "wxwidgetEx1", "wxwidgetEx1\wxwidgetEx1.vcxproj", "{922F13A3-CB35-4028-B5AF-001DF2A0E341}"
EndProject
Project("{8BC9CEB8-8B4A-11D0-8D11-00A0C91BC942}") = "wxwidgetEx2", "wxwidgetEx2\wxwidgetEx2.vcxproj", "{3C2969FF-ACAC-428E-8598-A02B646014C4}"
EndProject
Project("{8BC9CEB8-8B4A-11D0-8D11-00A0C91BC942}") = "vedisEx", "verdisEx\verdisEx.vcxproj", "{02B69511-827B-44E4-89A4-C9D2289D6AB8}"
EndProject
Project("{8BC9CEB8-8B4A-11D0-8D11-00A0C91BC942}") = "entityxEx", "entityxEx\entityxEx.vcxproj", "{20971B7C-8C1C-4C5A-9D5A-48EB0C305872}"
EndProject
Project("{8BC9CEB8-8B4A-11D0-8D11-00A0C91BC942}") = "entityxEx2", "entityxEx2\entityxEx2.vcxproj", "{E0D5778B-E624-4F68-B0CB-71170ECD1B91}"
EndProject
Project("{8BC9CEB8-8B4A-11D0-8D11-00A0C91BC942}") = "galibEx", "galibEx\galibEx.vcxproj", "{F0DFBB35-9214-4281-8C2E-10C074169A53}"
EndProject
Project("{8BC9CEB8-8B4A-11D0-8D11-00A0C91BC942}") = "anaxEx1", "anaxEx1\anaxEx1.vcxproj", "{C8AE9863-886F-4EE5-8FFD-AFBB4A10A2A2}"
EndProject
Project("{8BC9CEB8-8B4A-11D0-8D11-00A0C91BC942}") = "anaxEx2", "anaxEx2\anaxEx2.vcxproj", "{8B760E71-BD9E-4D9F-ADB9-C7BC92D036C4}"
EndProject
Project("{8BC9CEB8-8B4A-11D0-8D11-00A0C91BC942}") = "armadilloEx", "armadilloEx\armadilloEx.vcxproj", "{E972C22E-B7E0-4B6B-853E-9D4A6F8E94DE}"
EndProject
Project("{8BC9CEB8-8B4A-11D0-8D11-00A0C91BC942}") = "BeeCryptEx", "BeeCryptEx\BeeCryptEx.vcxproj", "{CD7B4186-54AD-4D09-B688-3B79B3E2F123}"
EndProject
Project("{8BC9CEB8-8B4A-11D0-8D11-00A0C91BC942}") = "cerealEx", "cerealEx\cerealEx.vcxproj", "{B0B16C32-B691-4687-BF80-80F3C0CE7276}"
EndProject
Project("{8BC9CEB8-8B4A-11D0-8D11-00A0C91BC942}") = "cfiletarEx", "cfiletarEx\cfiletarEx.vcxproj", "{597F38CA-0CB6-4C5A-A519-55F76043B685}"
EndProject
Project("{8BC9CEB8-8B4A-11D0-8D11-00A0C91BC942}") = "CGDBufferEx", "CGDBufferEx\CGDBufferEx.vcxproj", "{2F0283EE-7E1E-4C93-8190-BA41B08BAF2D}"
EndProject
Project("{8BC9CEB8-8B4A-11D0-8D11-00A0C91BC942}") = "cppbtreeEx", "cppbtreeEx\cppbtreeEx.vcxproj", "{C611A258-3248-4BDE-9786-2726F6560ACE}"
EndProject
Project("{8BC9CEB8-8B4A-11D0-8D11-00A0C91BC942}") = "dlibEx", "dlibEx\dlibEx.vcxproj", "{3E6AA2CE-35B1-4E90-8358-8165D878A937}"
EndProject
Project("{8BC9CEB8-8B4A-11D0-8D11-00A0C91BC942}") = "eigenEx1", "eigenEx1\eigenEx1.vcxproj", "{A5CA2A4B-5083-4139-A78F-0134288EF2A7}"
EndProject
Project("{8BC9CEB8-8B4A-11D0-8D11-00A0C91BC942}") = "freeglutEx", "freeglutEx\freeglutEx.vcxproj", "{0FB4E4C9-4846-411F-B6AC-52CA4944030A}"
EndProject
Project("{8BC9CEB8-8B4A-11D0-8D11-00A0C91BC942}") = "freeimageEx", "freeimageEx\freeimageEx.vcxproj", "{FEE108C7-1A8E-49BE-92C3-A7C1DFCE1264}"
EndProject
Project("{8BC9CEB8-8B4A-11D0-8D11-00A0C91BC942}") = "glmEx", "glmEx\glmEx.vcxproj", "{D7747E48-8A00-4D6F-89D2-A1F253980B93}"
EndProject
Project("{8BC9CEB8-8B4A-11D0-8D11-00A0C91BC942}") = "ioqueueEx", "ioqueueEx\ioqueueEx.vcxproj", "{5B5AFD02-ABE2-4708-8CEE-541B6073C4C1}"
EndProject
Project("{8BC9CEB8-8B4A-11D0-8D11-00A0C91BC942}") = "libmcryptEx", "libmcryptEx\libmcryptEx.vcxproj", "{C6573DD5-A08D-4829-8B5A-9BBA244DD47B}"
EndProject
Project("{8BC9CEB8-8B4A-11D0-8D11-00A0C91BC942}") = "libmhashEx", "libmhashEx\libmhashEx.vcxproj", "{B5ED90AD-C4E1-4533-A9A4-1F887BB9B403}"
EndProject
Project("{8BC9CEB8-8B4A-11D0-8D11-00A0C91BC942}") = "LinqcppEx", "LinqcppEx\LinqcppEx.vcxproj", "{0A052387-7BA4-4C50-9FA8-212DF850D56D}"
EndProject
Project("{8BC9CEB8-8B4A-11D0-8D11-00A0C91BC942}") = "mcbdesEx", "mcbdesEx\mcbdesEx.vcxproj", "{93E11B63-4F84-4B53-AAED-0F1A0B7BA464}"
EndProject
Project("{8BC9CEB8-8B4A-11D0-8D11-00A0C91BC942}") = "neonEx", "neonEx\neonEx.vcxproj", "{54DF783D-447A-4BBE-9821-818AE9A5BF66}"
EndProject
Project("{8BC9CEB8-8B4A-11D0-8D11-00A0C91BC942}") = "opencvEx", "opencvEx\opencvEx.vcxproj", "{504B245C-20EA-47CB-A635-CF557AE013DE}"
EndProject
Project("{8BC9CEB8-8B4A-11D0-8D11-00A0C91BC942}") = "opencvEx2", "opencvEx2\opencvEx2.vcxproj", "{D30706EE-335D-4499-BEF9-024A6FEE20F0}"
EndProject
Project("{8BC9CEB8-8B4A-11D0-8D11-00A0C91BC942}") = "rubyEx", "rubyEx\rubyEx.vcxproj", "{AD3FBF8C-84B5-4336-9602-96AE23618D0E}"
EndProject
Project("{8BC9CEB8-8B4A-11D0-8D11-00A0C91BC942}") = "sociEx", "sociEx\sociEx.vcxproj", "{DF45C5B9-329F-44F6-A794-6D12875039AF}"
EndProject
Project("{8BC9CEB8-8B4A-11D0-8D11-00A0C91BC942}") = "enetServer", "enetServer\enetServer.vcxproj", "{99D84FE6-0501-4C84-AC53-4680EA38DFE0}"
EndProject
Project("{8BC9CEB8-8B4A-11D0-8D11-00A0C91BC942}") = "enetClient", "enetClient\enetClient.vcxproj", "{E6102633-2679-4262-A5E9-ACBA1F76127A}"
EndProject
Project("{8BC9CEB8-8B4A-11D0-8D11-00A0C91BC942}") = "flatbuffersEx", "flatbuffersEx\flatbuffersEx.vcxproj", "{98198384-737B-4348-994C-7E704D05915D}"
EndProject
Project("{8BC9CEB8-8B4A-11D0-8D11-00A0C91BC942}") = "bsonEx", "bsonEx\bsonEx.vcxproj", "{CCC2D6FF-7692-4BE2-905A-0654501FE08B}"
EndProject
Project("{8BC9CEB8-8B4A-11D0-8D11-00A0C91BC942}") = "CFugueEx", "CFugueEx\CFugueEx.vcxproj", "{E5E48272-EFF6-40E4-A86C-DE856BE266CD}"
EndProject
Project("{8BC9CEB8-8B4A-11D0-8D11-00A0C91BC942}") = "mbedtlsEx", "mbedtlsEx\mbedtlsEx.vcxproj", "{E7302338-6A93-4B0C-8205-85943D6D6726}"
EndProject
Global
	GlobalSection(SolutionConfigurationPlatforms) = preSolution
		Debug|Win32 = Debug|Win32
		Release|Win32 = Release|Win32
	EndGlobalSection
	GlobalSection(ProjectConfigurationPlatforms) = postSolution
		{C04CF5D0-6AE0-42F5-B006-4D818BB241F8}.Debug|Win32.ActiveCfg = Debug|Win32
		{C04CF5D0-6AE0-42F5-B006-4D818BB241F8}.Debug|Win32.Build.0 = Debug|Win32
		{C04CF5D0-6AE0-42F5-B006-4D818BB241F8}.Release|Win32.ActiveCfg = Release|Win32
		{C04CF5D0-6AE0-42F5-B006-4D818BB241F8}.Release|Win32.Build.0 = Release|Win32
		{FB15FFD1-BD39-4C29-BD26-C092C84E0E32}.Debug|Win32.ActiveCfg = Debug|Win32
		{FB15FFD1-BD39-4C29-BD26-C092C84E0E32}.Debug|Win32.Build.0 = Debug|Win32
		{FB15FFD1-BD39-4C29-BD26-C092C84E0E32}.Release|Win32.ActiveCfg = Release|Win32
		{FB15FFD1-BD39-4C29-BD26-C092C84E0E32}.Release|Win32.Build.0 = Release|Win32
		{D1A464A2-D479-458C-98A2-60965D823CD1}.Debug|Win32.ActiveCfg = Debug|Win32
		{D1A464A2-D479-458C-98A2-60965D823CD1}.Debug|Win32.Build.0 = Debug|Win32
		{D1A464A2-D479-458C-98A2-60965D823CD1}.Release|Win32.ActiveCfg = Release|Win32
		{D1A464A2-D479-458C-98A2-60965D823CD1}.Release|Win32.Build.0 = Release|Win32
		{AF98B22B-45E7-4CDF-9D3C-CC793F9238A9}.Debug|Win32.ActiveCfg = Debug|Win32
		{AF98B22B-45E7-4CDF-9D3C-CC793F9238A9}.Debug|Win32.Build.0 = Debug|Win32
		{AF98B22B-45E7-4CDF-9D3C-CC793F9238A9}.Release|Win32.ActiveCfg = Release|Win32
		{AF98B22B-45E7-4CDF-9D3C-CC793F9238A9}.Release|Win32.Build.0 = Release|Win32
		{813C6A13-EF34-4767-B8E2-5F3BD291BA71}.Debug|Win32.ActiveCfg = Debug|Win32
		{813C6A13-EF34-4767-B8E2-5F3BD291BA71}.Debug|Win32.Build.0 = Debug|Win32
		{813C6A13-EF34-4767-B8E2-5F3BD291BA71}.Release|Win32.ActiveCfg = Release|Win32
		{813C6A13-EF34-4767-B8E2-5F3BD291BA71}.Release|Win32.Build.0 = Release|Win32
		{BE7198AA-B196-46DB-B68C-73F9CD373E66}.Debug|Win32.ActiveCfg = Debug|Win32
		{BE7198AA-B196-46DB-B68C-73F9CD373E66}.Debug|Win32.Build.0 = Debug|Win32
		{BE7198AA-B196-46DB-B68C-73F9CD373E66}.Release|Win32.ActiveCfg = Release|Win32
		{BE7198AA-B196-46DB-B68C-73F9CD373E66}.Release|Win32.Build.0 = Release|Win32
		{4CDD0738-A871-4130-92C8-9A6D15241D09}.Debug|Win32.ActiveCfg = Debug|Win32
		{4CDD0738-A871-4130-92C8-9A6D15241D09}.Debug|Win32.Build.0 = Debug|Win32
		{4CDD0738-A871-4130-92C8-9A6D15241D09}.Release|Win32.ActiveCfg = Release|Win32
		{4CDD0738-A871-4130-92C8-9A6D15241D09}.Release|Win32.Build.0 = Release|Win32
		{7794DA28-54E3-4D0A-A51A-33E2510293DB}.Debug|Win32.ActiveCfg = Debug|Win32
		{7794DA28-54E3-4D0A-A51A-33E2510293DB}.Debug|Win32.Build.0 = Debug|Win32
		{7794DA28-54E3-4D0A-A51A-33E2510293DB}.Release|Win32.ActiveCfg = Release|Win32
		{7794DA28-54E3-4D0A-A51A-33E2510293DB}.Release|Win32.Build.0 = Release|Win32
		{47BF9CC9-057C-4A9E-B614-2267B2FDE3FF}.Debug|Win32.ActiveCfg = Debug|Win32
		{47BF9CC9-057C-4A9E-B614-2267B2FDE3FF}.Debug|Win32.Build.0 = Debug|Win32
		{47BF9CC9-057C-4A9E-B614-2267B2FDE3FF}.Release|Win32.ActiveCfg = Release|Win32
		{47BF9CC9-057C-4A9E-B614-2267B2FDE3FF}.Release|Win32.Build.0 = Release|Win32
		{A02FEC9D-4DED-4741-A028-300D31AD55A0}.Debug|Win32.ActiveCfg = Debug|Win32
		{A02FEC9D-4DED-4741-A028-300D31AD55A0}.Debug|Win32.Build.0 = Debug|Win32
		{A02FEC9D-4DED-4741-A028-300D31AD55A0}.Release|Win32.ActiveCfg = Release|Win32
		{A02FEC9D-4DED-4741-A028-300D31AD55A0}.Release|Win32.Build.0 = Release|Win32
		{AB1FDBBA-61F5-444C-A479-DD7E8D3A22EE}.Debug|Win32.ActiveCfg = Debug|Win32
		{AB1FDBBA-61F5-444C-A479-DD7E8D3A22EE}.Debug|Win32.Build.0 = Debug|Win32
		{AB1FDBBA-61F5-444C-A479-DD7E8D3A22EE}.Release|Win32.ActiveCfg = Release|Win32
		{AB1FDBBA-61F5-444C-A479-DD7E8D3A22EE}.Release|Win32.Build.0 = Release|Win32
		{5A6C55F3-E212-41E6-A687-B41C1EA3EE1D}.Debug|Win32.ActiveCfg = Debug|Win32
		{5A6C55F3-E212-41E6-A687-B41C1EA3EE1D}.Debug|Win32.Build.0 = Debug|Win32
		{5A6C55F3-E212-41E6-A687-B41C1EA3EE1D}.Release|Win32.ActiveCfg = Release|Win32
		{5A6C55F3-E212-41E6-A687-B41C1EA3EE1D}.Release|Win32.Build.0 = Release|Win32
		{8C790785-483A-4C7F-8D4B-E128C7AF4F0B}.Debug|Win32.ActiveCfg = Debug|Win32
		{8C790785-483A-4C7F-8D4B-E128C7AF4F0B}.Debug|Win32.Build.0 = Debug|Win32
		{8C790785-483A-4C7F-8D4B-E128C7AF4F0B}.Release|Win32.ActiveCfg = Release|Win32
		{8C790785-483A-4C7F-8D4B-E128C7AF4F0B}.Release|Win32.Build.0 = Release|Win32
		{CF8B1478-A082-4EBC-A682-9A822B7CBCBA}.Debug|Win32.ActiveCfg = Debug|Win32
		{CF8B1478-A082-4EBC-A682-9A822B7CBCBA}.Debug|Win32.Build.0 = Debug|Win32
		{CF8B1478-A082-4EBC-A682-9A822B7CBCBA}.Release|Win32.ActiveCfg = Release|Win32
		{CF8B1478-A082-4EBC-A682-9A822B7CBCBA}.Release|Win32.Build.0 = Release|Win32
		{14F15E82-8F10-44DD-9534-BE89B6C11DCC}.Debug|Win32.ActiveCfg = Debug|Win32
		{14F15E82-8F10-44DD-9534-BE89B6C11DCC}.Debug|Win32.Build.0 = Debug|Win32
		{14F15E82-8F10-44DD-9534-BE89B6C11DCC}.Release|Win32.ActiveCfg = Release|Win32
		{14F15E82-8F10-44DD-9534-BE89B6C11DCC}.Release|Win32.Build.0 = Release|Win32
		{673EBCD5-7DF6-452C-9419-8EF25F188A75}.Debug|Win32.ActiveCfg = Debug|Win32
		{673EBCD5-7DF6-452C-9419-8EF25F188A75}.Debug|Win32.Build.0 = Debug|Win32
		{673EBCD5-7DF6-452C-9419-8EF25F188A75}.Release|Win32.ActiveCfg = Release|Win32
		{673EBCD5-7DF6-452C-9419-8EF25F188A75}.Release|Win32.Build.0 = Release|Win32
		{1D68E031-B20D-4AF5-B2F0-2101DB3F4E0D}.Debug|Win32.ActiveCfg = Debug|Win32
		{1D68E031-B20D-4AF5-B2F0-2101DB3F4E0D}.Debug|Win32.Build.0 = Debug|Win32
		{1D68E031-B20D-4AF5-B2F0-2101DB3F4E0D}.Release|Win32.ActiveCfg = Release|Win32
		{1D68E031-B20D-4AF5-B2F0-2101DB3F4E0D}.Release|Win32.Build.0 = Release|Win32
		{DD937953-9AAB-45E1-AB92-B3D5C194FCF2}.Debug|Win32.ActiveCfg = Debug|Win32
		{DD937953-9AAB-45E1-AB92-B3D5C194FCF2}.Debug|Win32.Build.0 = Debug|Win32
		{DD937953-9AAB-45E1-AB92-B3D5C194FCF2}.Release|Win32.ActiveCfg = Release|Win32
		{DD937953-9AAB-45E1-AB92-B3D5C194FCF2}.Release|Win32.Build.0 = Release|Win32
		{1A8C358B-65C1-470C-9CC7-4C03F855769A}.Debug|Win32.ActiveCfg = Debug|Win32
		{1A8C358B-65C1-470C-9CC7-4C03F855769A}.Debug|Win32.Build.0 = Debug|Win32
		{1A8C358B-65C1-470C-9CC7-4C03F855769A}.Release|Win32.ActiveCfg = Release|Win32
		{1A8C358B-65C1-470C-9CC7-4C03F855769A}.Release|Win32.Build.0 = Release|Win32
		{23667DC0-F4FA-4122-86E4-EE5430732EE6}.Debug|Win32.ActiveCfg = Debug|Win32
		{23667DC0-F4FA-4122-86E4-EE5430732EE6}.Debug|Win32.Build.0 = Debug|Win32
		{23667DC0-F4FA-4122-86E4-EE5430732EE6}.Release|Win32.ActiveCfg = Release|Win32
		{23667DC0-F4FA-4122-86E4-EE5430732EE6}.Release|Win32.Build.0 = Release|Win32
		{D5182A2D-6F34-4219-A07A-D96A7DFEC566}.Debug|Win32.ActiveCfg = Debug|Win32
		{D5182A2D-6F34-4219-A07A-D96A7DFEC566}.Debug|Win32.Build.0 = Debug|Win32
		{D5182A2D-6F34-4219-A07A-D96A7DFEC566}.Release|Win32.ActiveCfg = Release|Win32
		{D5182A2D-6F34-4219-A07A-D96A7DFEC566}.Release|Win32.Build.0 = Release|Win32
		{F091EFD1-9932-4F3C-B26E-26D1DC8AC740}.Debug|Win32.ActiveCfg = Debug|Win32
		{F091EFD1-9932-4F3C-B26E-26D1DC8AC740}.Debug|Win32.Build.0 = Debug|Win32
		{F091EFD1-9932-4F3C-B26E-26D1DC8AC740}.Release|Win32.ActiveCfg = Release|Win32
		{F091EFD1-9932-4F3C-B26E-26D1DC8AC740}.Release|Win32.Build.0 = Release|Win32
		{98954E16-7C39-4BB5-96ED-4446BD5FB3DD}.Debug|Win32.ActiveCfg = Debug|Win32
		{98954E16-7C39-4BB5-96ED-4446BD5FB3DD}.Debug|Win32.Build.0 = Debug|Win32
		{98954E16-7C39-4BB5-96ED-4446BD5FB3DD}.Release|Win32.ActiveCfg = Release|Win32
		{98954E16-7C39-4BB5-96ED-4446BD5FB3DD}.Release|Win32.Build.0 = Release|Win32
		{09E93B57-6D12-411B-9A3C-9AD6BF4DC345}.Debug|Win32.ActiveCfg = Debug|Win32
		{09E93B57-6D12-411B-9A3C-9AD6BF4DC345}.Debug|Win32.Build.0 = Debug|Win32
		{09E93B57-6D12-411B-9A3C-9AD6BF4DC345}.Release|Win32.ActiveCfg = Release|Win32
		{09E93B57-6D12-411B-9A3C-9AD6BF4DC345}.Release|Win32.Build.0 = Release|Win32
		{F896B08A-9823-4DB3-9CA9-597033206A5D}.Debug|Win32.ActiveCfg = Debug|Win32
		{F896B08A-9823-4DB3-9CA9-597033206A5D}.Debug|Win32.Build.0 = Debug|Win32
		{F896B08A-9823-4DB3-9CA9-597033206A5D}.Release|Win32.ActiveCfg = Release|Win32
		{F896B08A-9823-4DB3-9CA9-597033206A5D}.Release|Win32.Build.0 = Release|Win32
		{6C553DB6-2B64-4952-834D-8EAF197E579C}.Debug|Win32.ActiveCfg = Debug|Win32
		{6C553DB6-2B64-4952-834D-8EAF197E579C}.Debug|Win32.Build.0 = Debug|Win32
		{6C553DB6-2B64-4952-834D-8EAF197E579C}.Release|Win32.ActiveCfg = Release|Win32
		{6C553DB6-2B64-4952-834D-8EAF197E579C}.Release|Win32.Build.0 = Release|Win32
		{743EAB8D-BBE1-400E-80F3-B38605A05169}.Debug|Win32.ActiveCfg = Debug|Win32
		{743EAB8D-BBE1-400E-80F3-B38605A05169}.Debug|Win32.Build.0 = Debug|Win32
		{743EAB8D-BBE1-400E-80F3-B38605A05169}.Release|Win32.ActiveCfg = Release|Win32
		{743EAB8D-BBE1-400E-80F3-B38605A05169}.Release|Win32.Build.0 = Release|Win32
		{8F2AB2E8-8DF9-4208-BCAE-A5153136325B}.Debug|Win32.ActiveCfg = Debug|Win32
		{8F2AB2E8-8DF9-4208-BCAE-A5153136325B}.Debug|Win32.Build.0 = Debug|Win32
		{8F2AB2E8-8DF9-4208-BCAE-A5153136325B}.Release|Win32.ActiveCfg = Release|Win32
		{8F2AB2E8-8DF9-4208-BCAE-A5153136325B}.Release|Win32.Build.0 = Release|Win32
		{AE38B638-441C-48EB-82D7-A7179863EFCF}.Debug|Win32.ActiveCfg = Debug|Win32
		{AE38B638-441C-48EB-82D7-A7179863EFCF}.Debug|Win32.Build.0 = Debug|Win32
		{AE38B638-441C-48EB-82D7-A7179863EFCF}.Release|Win32.ActiveCfg = Release|Win32
		{AE38B638-441C-48EB-82D7-A7179863EFCF}.Release|Win32.Build.0 = Release|Win32
		{F413766B-2A03-4DB5-A6CB-83F5531D9201}.Debug|Win32.ActiveCfg = Debug|Win32
		{F413766B-2A03-4DB5-A6CB-83F5531D9201}.Debug|Win32.Build.0 = Debug|Win32
		{F413766B-2A03-4DB5-A6CB-83F5531D9201}.Release|Win32.ActiveCfg = Release|Win32
		{F413766B-2A03-4DB5-A6CB-83F5531D9201}.Release|Win32.Build.0 = Release|Win32
		{E123CD05-C440-41A5-B343-84CF8C00B4FD}.Debug|Win32.ActiveCfg = Debug|Win32
		{E123CD05-C440-41A5-B343-84CF8C00B4FD}.Debug|Win32.Build.0 = Debug|Win32
		{E123CD05-C440-41A5-B343-84CF8C00B4FD}.Release|Win32.ActiveCfg = Release|Win32
		{E123CD05-C440-41A5-B343-84CF8C00B4FD}.Release|Win32.Build.0 = Release|Win32
		{A4B378EC-2630-48E5-86C9-353A3E981392}.Debug|Win32.ActiveCfg = Debug|Win32
		{A4B378EC-2630-48E5-86C9-353A3E981392}.Debug|Win32.Build.0 = Debug|Win32
		{A4B378EC-2630-48E5-86C9-353A3E981392}.Release|Win32.ActiveCfg = Release|Win32
		{A4B378EC-2630-48E5-86C9-353A3E981392}.Release|Win32.Build.0 = Release|Win32
		{11C39744-F17A-4E4D-A101-49E77BDD89C2}.Debug|Win32.ActiveCfg = Debug|Win32
		{11C39744-F17A-4E4D-A101-49E77BDD89C2}.Debug|Win32.Build.0 = Debug|Win32
		{11C39744-F17A-4E4D-A101-49E77BDD89C2}.Release|Win32.ActiveCfg = Release|Win32
		{11C39744-F17A-4E4D-A101-49E77BDD89C2}.Release|Win32.Build.0 = Release|Win32
		{CE70953C-A445-4FDC-A351-045BB733DD93}.Debug|Win32.ActiveCfg = Debug|Win32
		{CE70953C-A445-4FDC-A351-045BB733DD93}.Debug|Win32.Build.0 = Debug|Win32
		{CE70953C-A445-4FDC-A351-045BB733DD93}.Release|Win32.ActiveCfg = Release|Win32
		{CE70953C-A445-4FDC-A351-045BB733DD93}.Release|Win32.Build.0 = Release|Win32
		{201ADD40-D827-4E3A-88D5-388D25E5D2B5}.Debug|Win32.ActiveCfg = Debug|Win32
		{201ADD40-D827-4E3A-88D5-388D25E5D2B5}.Debug|Win32.Build.0 = Debug|Win32
		{201ADD40-D827-4E3A-88D5-388D25E5D2B5}.Release|Win32.ActiveCfg = Release|Win32
		{201ADD40-D827-4E3A-88D5-388D25E5D2B5}.Release|Win32.Build.0 = Release|Win32
		{E159324F-3744-4979-8B5D-E6B18DD5394C}.Debug|Win32.ActiveCfg = Debug|Win32
		{E159324F-3744-4979-8B5D-E6B18DD5394C}.Debug|Win32.Build.0 = Debug|Win32
		{E159324F-3744-4979-8B5D-E6B18DD5394C}.Release|Win32.ActiveCfg = Release|Win32
		{E159324F-3744-4979-8B5D-E6B18DD5394C}.Release|Win32.Build.0 = Release|Win32
		{9968A353-2DCC-4061-B875-5D1568BDF507}.Debug|Win32.ActiveCfg = Debug|Win32
		{9968A353-2DCC-4061-B875-5D1568BDF507}.Debug|Win32.Build.0 = Debug|Win32
		{9968A353-2DCC-4061-B875-5D1568BDF507}.Release|Win32.ActiveCfg = Release|Win32
		{9968A353-2DCC-4061-B875-5D1568BDF507}.Release|Win32.Build.0 = Release|Win32
		{61921EF1-81E7-4C67-8789-B36895CA7BEF}.Debug|Win32.ActiveCfg = Debug|Win32
		{61921EF1-81E7-4C67-8789-B36895CA7BEF}.Debug|Win32.Build.0 = Debug|Win32
		{61921EF1-81E7-4C67-8789-B36895CA7BEF}.Release|Win32.ActiveCfg = Release|Win32
		{61921EF1-81E7-4C67-8789-B36895CA7BEF}.Release|Win32.Build.0 = Release|Win32
		{A72204E5-2CB7-47DC-821C-11180E0DE570}.Debug|Win32.ActiveCfg = Debug|Win32
		{A72204E5-2CB7-47DC-821C-11180E0DE570}.Debug|Win32.Build.0 = Debug|Win32
		{A72204E5-2CB7-47DC-821C-11180E0DE570}.Release|Win32.ActiveCfg = Release|Win32
		{A72204E5-2CB7-47DC-821C-11180E0DE570}.Release|Win32.Build.0 = Release|Win32
		{AC00A093-261D-453C-9983-F9F184DA95F1}.Debug|Win32.ActiveCfg = Debug|Win32
		{AC00A093-261D-453C-9983-F9F184DA95F1}.Debug|Win32.Build.0 = Debug|Win32
		{AC00A093-261D-453C-9983-F9F184DA95F1}.Release|Win32.ActiveCfg = Release|Win32
		{AC00A093-261D-453C-9983-F9F184DA95F1}.Release|Win32.Build.0 = Release|Win32
		{BE03AA54-EE0E-4B04-950A-5E940EE4C640}.Debug|Win32.ActiveCfg = Debug|Win32
		{BE03AA54-EE0E-4B04-950A-5E940EE4C640}.Debug|Win32.Build.0 = Debug|Win32
		{BE03AA54-EE0E-4B04-950A-5E940EE4C640}.Release|Win32.ActiveCfg = Release|Win32
		{BE03AA54-EE0E-4B04-950A-5E940EE4C640}.Release|Win32.Build.0 = Release|Win32
		{70D7343D-5305-45D4-91E9-9AECB75C8EE4}.Debug|Win32.ActiveCfg = Debug|Win32
		{70D7343D-5305-45D4-91E9-9AECB75C8EE4}.Debug|Win32.Build.0 = Debug|Win32
		{70D7343D-5305-45D4-91E9-9AECB75C8EE4}.Release|Win32.ActiveCfg = Release|Win32
		{70D7343D-5305-45D4-91E9-9AECB75C8EE4}.Release|Win32.Build.0 = Release|Win32
		{E1559D1F-A13C-4A2E-831B-C9FF01D09850}.Debug|Win32.ActiveCfg = Debug|Win32
		{E1559D1F-A13C-4A2E-831B-C9FF01D09850}.Debug|Win32.Build.0 = Debug|Win32
		{E1559D1F-A13C-4A2E-831B-C9FF01D09850}.Release|Win32.ActiveCfg = Release|Win32
		{E1559D1F-A13C-4A2E-831B-C9FF01D09850}.Release|Win32.Build.0 = Release|Win32
		{228E223D-D362-410F-9DC7-2213B96D568D}.Debug|Win32.ActiveCfg = Debug|Win32
		{228E223D-D362-410F-9DC7-2213B96D568D}.Debug|Win32.Build.0 = Debug|Win32
		{228E223D-D362-410F-9DC7-2213B96D568D}.Release|Win32.ActiveCfg = Release|Win32
		{228E223D-D362-410F-9DC7-2213B96D568D}.Release|Win32.Build.0 = Release|Win32
		{922F13A3-CB35-4028-B5AF-001DF2A0E341}.Debug|Win32.ActiveCfg = Debug|Win32
		{922F13A3-CB35-4028-B5AF-001DF2A0E341}.Debug|Win32.Build.0 = Debug|Win32
		{922F13A3-CB35-4028-B5AF-001DF2A0E341}.Release|Win32.ActiveCfg = Release|Win32
		{922F13A3-CB35-4028-B5AF-001DF2A0E341}.Release|Win32.Build.0 = Release|Win32
		{3C2969FF-ACAC-428E-8598-A02B646014C4}.Debug|Win32.ActiveCfg = Debug|Win32
		{3C2969FF-ACAC-428E-8598-A02B646014C4}.Debug|Win32.Build.0 = Debug|Win32
		{3C2969FF-ACAC-428E-8598-A02B646014C4}.Release|Win32.ActiveCfg = Release|Win32
		{3C2969FF-ACAC-428E-8598-A02B646014C4}.Release|Win32.Build.0 = Release|Win32
		{02B69511-827B-44E4-89A4-C9D2289D6AB8}.Debug|Win32.ActiveCfg = Debug|Win32
		{02B69511-827B-44E4-89A4-C9D2289D6AB8}.Debug|Win32.Build.0 = Debug|Win32
		{02B69511-827B-44E4-89A4-C9D2289D6AB8}.Release|Win32.ActiveCfg = Release|Win32
		{02B69511-827B-44E4-89A4-C9D2289D6AB8}.Release|Win32.Build.0 = Release|Win32
		{20971B7C-8C1C-4C5A-9D5A-48EB0C305872}.Debug|Win32.ActiveCfg = Debug|Win32
		{20971B7C-8C1C-4C5A-9D5A-48EB0C305872}.Debug|Win32.Build.0 = Debug|Win32
		{20971B7C-8C1C-4C5A-9D5A-48EB0C305872}.Release|Win32.ActiveCfg = Release|Win32
		{20971B7C-8C1C-4C5A-9D5A-48EB0C305872}.Release|Win32.Build.0 = Release|Win32
		{E0D5778B-E624-4F68-B0CB-71170ECD1B91}.Debug|Win32.ActiveCfg = Debug|Win32
		{E0D5778B-E624-4F68-B0CB-71170ECD1B91}.Debug|Win32.Build.0 = Debug|Win32
		{E0D5778B-E624-4F68-B0CB-71170ECD1B91}.Release|Win32.ActiveCfg = Release|Win32
		{E0D5778B-E624-4F68-B0CB-71170ECD1B91}.Release|Win32.Build.0 = Release|Win32
		{F0DFBB35-9214-4281-8C2E-10C074169A53}.Debug|Win32.ActiveCfg = Debug|Win32
		{F0DFBB35-9214-4281-8C2E-10C074169A53}.Debug|Win32.Build.0 = Debug|Win32
		{F0DFBB35-9214-4281-8C2E-10C074169A53}.Release|Win32.ActiveCfg = Release|Win32
		{F0DFBB35-9214-4281-8C2E-10C074169A53}.Release|Win32.Build.0 = Release|Win32
		{C8AE9863-886F-4EE5-8FFD-AFBB4A10A2A2}.Debug|Win32.ActiveCfg = Debug|Win32
		{C8AE9863-886F-4EE5-8FFD-AFBB4A10A2A2}.Debug|Win32.Build.0 = Debug|Win32
		{C8AE9863-886F-4EE5-8FFD-AFBB4A10A2A2}.Release|Win32.ActiveCfg = Release|Win32
		{C8AE9863-886F-4EE5-8FFD-AFBB4A10A2A2}.Release|Win32.Build.0 = Release|Win32
		{8B760E71-BD9E-4D9F-ADB9-C7BC92D036C4}.Debug|Win32.ActiveCfg = Debug|Win32
		{8B760E71-BD9E-4D9F-ADB9-C7BC92D036C4}.Debug|Win32.Build.0 = Debug|Win32
		{8B760E71-BD9E-4D9F-ADB9-C7BC92D036C4}.Release|Win32.ActiveCfg = Release|Win32
		{8B760E71-BD9E-4D9F-ADB9-C7BC92D036C4}.Release|Win32.Build.0 = Release|Win32
		{E972C22E-B7E0-4B6B-853E-9D4A6F8E94DE}.Debug|Win32.ActiveCfg = Debug|Win32
		{E972C22E-B7E0-4B6B-853E-9D4A6F8E94DE}.Debug|Win32.Build.0 = Debug|Win32
		{E972C22E-B7E0-4B6B-853E-9D4A6F8E94DE}.Release|Win32.ActiveCfg = Release|Win32
		{E972C22E-B7E0-4B6B-853E-9D4A6F8E94DE}.Release|Win32.Build.0 = Release|Win32
		{CD7B4186-54AD-4D09-B688-3B79B3E2F123}.Debug|Win32.ActiveCfg = Debug|Win32
		{CD7B4186-54AD-4D09-B688-3B79B3E2F123}.Debug|Win32.Build.0 = Debug|Win32
		{CD7B4186-54AD-4D09-B688-3B79B3E2F123}.Release|Win32.ActiveCfg = Release|Win32
		{CD7B4186-54AD-4D09-B688-3B79B3E2F123}.Release|Win32.Build.0 = Release|Win32
		{B0B16C32-B691-4687-BF80-80F3C0CE7276}.Debug|Win32.ActiveCfg = Debug|Win32
		{B0B16C32-B691-4687-BF80-80F3C0CE7276}.Debug|Win32.Build.0 = Debug|Win32
		{B0B16C32-B691-4687-BF80-80F3C0CE7276}.Release|Win32.ActiveCfg = Release|Win32
		{B0B16C32-B691-4687-BF80-80F3C0CE7276}.Release|Win32.Build.0 = Release|Win32
		{597F38CA-0CB6-4C5A-A519-55F76043B685}.Debug|Win32.ActiveCfg = Debug|Win32
		{597F38CA-0CB6-4C5A-A519-55F76043B685}.Debug|Win32.Build.0 = Debug|Win32
		{597F38CA-0CB6-4C5A-A519-55F76043B685}.Release|Win32.ActiveCfg = Release|Win32
		{597F38CA-0CB6-4C5A-A519-55F76043B685}.Release|Win32.Build.0 = Release|Win32
		{2F0283EE-7E1E-4C93-8190-BA41B08BAF2D}.Debug|Win32.ActiveCfg = Debug|Win32
		{2F0283EE-7E1E-4C93-8190-BA41B08BAF2D}.Debug|Win32.Build.0 = Debug|Win32
		{2F0283EE-7E1E-4C93-8190-BA41B08BAF2D}.Release|Win32.ActiveCfg = Release|Win32
		{2F0283EE-7E1E-4C93-8190-BA41B08BAF2D}.Release|Win32.Build.0 = Release|Win32
		{C611A258-3248-4BDE-9786-2726F6560ACE}.Debug|Win32.ActiveCfg = Debug|Win32
		{C611A258-3248-4BDE-9786-2726F6560ACE}.Debug|Win32.Build.0 = Debug|Win32
		{C611A258-3248-4BDE-9786-2726F6560ACE}.Release|Win32.ActiveCfg = Release|Win32
		{C611A258-3248-4BDE-9786-2726F6560ACE}.Release|Win32.Build.0 = Release|Win32
		{3E6AA2CE-35B1-4E90-8358-8165D878A937}.Debug|Win32.ActiveCfg = Debug|Win32
		{3E6AA2CE-35B1-4E90-8358-8165D878A937}.Debug|Win32.Build.0 = Debug|Win32
		{3E6AA2CE-35B1-4E90-8358-8165D878A937}.Release|Win32.ActiveCfg = Release|Win32
		{3E6AA2CE-35B1-4E90-8358-8165D878A937}.Release|Win32.Build.0 = Release|Win32
		{A5CA2A4B-5083-4139-A78F-0134288EF2A7}.Debug|Win32.ActiveCfg = Debug|Win32
		{A5CA2A4B-5083-4139-A78F-0134288EF2A7}.Debug|Win32.Build.0 = Debug|Win32
		{A5CA2A4B-5083-4139-A78F-0134288EF2A7}.Release|Win32.ActiveCfg = Release|Win32
		{A5CA2A4B-5083-4139-A78F-0134288EF2A7}.Release|Win32.Build.0 = Release|Win32
		{0FB4E4C9-4846-411F-B6AC-52CA4944030A}.Debug|Win32.ActiveCfg = Debug|Win32
		{0FB4E4C9-4846-411F-B6AC-52CA4944030A}.Debug|Win32.Build.0 = Debug|Win32
		{0FB4E4C9-4846-411F-B6AC-52CA4944030A}.Release|Win32.ActiveCfg = Release|Win32
		{0FB4E4C9-4846-411F-B6AC-52CA4944030A}.Release|Win32.Build.0 = Release|Win32
		{FEE108C7-1A8E-49BE-92C3-A7C1DFCE1264}.Debug|Win32.ActiveCfg = Debug|Win32
		{FEE108C7-1A8E-49BE-92C3-A7C1DFCE1264}.Debug|Win32.Build.0 = Debug|Win32
		{FEE108C7-1A8E-49BE-92C3-A7C1DFCE1264}.Release|Win32.ActiveCfg = Release|Win32
		{FEE108C7-1A8E-49BE-92C3-A7C1DFCE1264}.Release|Win32.Build.0 = Release|Win32
		{D7747E48-8A00-4D6F-89D2-A1F253980B93}.Debug|Win32.ActiveCfg = Debug|Win32
		{D7747E48-8A00-4D6F-89D2-A1F253980B93}.Debug|Win32.Build.0 = Debug|Win32
		{D7747E48-8A00-4D6F-89D2-A1F253980B93}.Release|Win32.ActiveCfg = Release|Win32
		{D7747E48-8A00-4D6F-89D2-A1F253980B93}.Release|Win32.Build.0 = Release|Win32
		{5B5AFD02-ABE2-4708-8CEE-541B6073C4C1}.Debug|Win32.ActiveCfg = Debug|Win32
		{5B5AFD02-ABE2-4708-8CEE-541B6073C4C1}.Debug|Win32.Build.0 = Debug|Win32
		{5B5AFD02-ABE2-4708-8CEE-541B6073C4C1}.Release|Win32.ActiveCfg = Release|Win32
		{5B5AFD02-ABE2-4708-8CEE-541B6073C4C1}.Release|Win32.Build.0 = Release|Win32
		{C6573DD5-A08D-4829-8B5A-9BBA244DD47B}.Debug|Win32.ActiveCfg = Debug|Win32
		{C6573DD5-A08D-4829-8B5A-9BBA244DD47B}.Debug|Win32.Build.0 = Debug|Win32
		{C6573DD5-A08D-4829-8B5A-9BBA244DD47B}.Release|Win32.ActiveCfg = Release|Win32
		{C6573DD5-A08D-4829-8B5A-9BBA244DD47B}.Release|Win32.Build.0 = Release|Win32
		{B5ED90AD-C4E1-4533-A9A4-1F887BB9B403}.Debug|Win32.ActiveCfg = Debug|Win32
		{B5ED90AD-C4E1-4533-A9A4-1F887BB9B403}.Debug|Win32.Build.0 = Debug|Win32
		{B5ED90AD-C4E1-4533-A9A4-1F887BB9B403}.Release|Win32.ActiveCfg = Release|Win32
		{B5ED90AD-C4E1-4533-A9A4-1F887BB9B403}.Release|Win32.Build.0 = Release|Win32
		{0A052387-7BA4-4C50-9FA8-212DF850D56D}.Debug|Win32.ActiveCfg = Debug|Win32
		{0A052387-7BA4-4C50-9FA8-212DF850D56D}.Debug|Win32.Build.0 = Debug|Win32
		{0A052387-7BA4-4C50-9FA8-212DF850D56D}.Release|Win32.ActiveCfg = Release|Win32
		{0A052387-7BA4-4C50-9FA8-212DF850D56D}.Release|Win32.Build.0 = Release|Win32
		{93E11B63-4F84-4B53-AAED-0F1A0B7BA464}.Debug|Win32.ActiveCfg = Debug|Win32
		{93E11B63-4F84-4B53-AAED-0F1A0B7BA464}.Debug|Win32.Build.0 = Debug|Win32
		{93E11B63-4F84-4B53-AAED-0F1A0B7BA464}.Release|Win32.ActiveCfg = Release|Win32
		{93E11B63-4F84-4B53-AAED-0F1A0B7BA464}.Release|Win32.Build.0 = Release|Win32
		{54DF783D-447A-4BBE-9821-818AE9A5BF66}.Debug|Win32.ActiveCfg = Debug|Win32
		{54DF783D-447A-4BBE-9821-818AE9A5BF66}.Debug|Win32.Build.0 = Debug|Win32
		{54DF783D-447A-4BBE-9821-818AE9A5BF66}.Release|Win32.ActiveCfg = Release|Win32
		{54DF783D-447A-4BBE-9821-818AE9A5BF66}.Release|Win32.Build.0 = Release|Win32
		{504B245C-20EA-47CB-A635-CF557AE013DE}.Debug|Win32.ActiveCfg = Debug|Win32
		{504B245C-20EA-47CB-A635-CF557AE013DE}.Debug|Win32.Build.0 = Debug|Win32
		{504B245C-20EA-47CB-A635-CF557AE013DE}.Release|Win32.ActiveCfg = Release|Win32
		{504B245C-20EA-47CB-A635-CF557AE013DE}.Release|Win32.Build.0 = Release|Win32
		{D30706EE-335D-4499-BEF9-024A6FEE20F0}.Debug|Win32.ActiveCfg = Debug|Win32
		{D30706EE-335D-4499-BEF9-024A6FEE20F0}.Debug|Win32.Build.0 = Debug|Win32
		{D30706EE-335D-4499-BEF9-024A6FEE20F0}.Release|Win32.ActiveCfg = Release|Win32
		{D30706EE-335D-4499-BEF9-024A6FEE20F0}.Release|Win32.Build.0 = Release|Win32
		{AD3FBF8C-84B5-4336-9602-96AE23618D0E}.Debug|Win32.ActiveCfg = Debug|Win32
		{AD3FBF8C-84B5-4336-9602-96AE23618D0E}.Debug|Win32.Build.0 = Debug|Win32
		{AD3FBF8C-84B5-4336-9602-96AE23618D0E}.Release|Win32.ActiveCfg = Release|Win32
		{AD3FBF8C-84B5-4336-9602-96AE23618D0E}.Release|Win32.Build.0 = Release|Win32
		{DF45C5B9-329F-44F6-A794-6D12875039AF}.Debug|Win32.ActiveCfg = Debug|Win32
		{DF45C5B9-329F-44F6-A794-6D12875039AF}.Debug|Win32.Build.0 = Debug|Win32
		{DF45C5B9-329F-44F6-A794-6D12875039AF}.Release|Win32.ActiveCfg = Release|Win32
		{DF45C5B9-329F-44F6-A794-6D12875039AF}.Release|Win32.Build.0 = Release|Win32
		{99D84FE6-0501-4C84-AC53-4680EA38DFE0}.Debug|Win32.ActiveCfg = Debug|Win32
		{99D84FE6-0501-4C84-AC53-4680EA38DFE0}.Debug|Win32.Build.0 = Debug|Win32
		{99D84FE6-0501-4C84-AC53-4680EA38DFE0}.Release|Win32.ActiveCfg = Release|Win32
		{99D84FE6-0501-4C84-AC53-4680EA38DFE0}.Release|Win32.Build.0 = Release|Win32
		{E6102633-2679-4262-A5E9-ACBA1F76127A}.Debug|Win32.ActiveCfg = Debug|Win32
		{E6102633-2679-4262-A5E9-ACBA1F76127A}.Debug|Win32.Build.0 = Debug|Win32
		{E6102633-2679-4262-A5E9-ACBA1F76127A}.Release|Win32.ActiveCfg = Release|Win32
		{E6102633-2679-4262-A5E9-ACBA1F76127A}.Release|Win32.Build.0 = Release|Win32
		{98198384-737B-4348-994C-7E704D05915D}.Debug|Win32.ActiveCfg = Debug|Win32
		{98198384-737B-4348-994C-7E704D05915D}.Debug|Win32.Build.0 = Debug|Win32
		{98198384-737B-4348-994C-7E704D05915D}.Release|Win32.ActiveCfg = Release|Win32
		{98198384-737B-4348-994C-7E704D05915D}.Release|Win32.Build.0 = Release|Win32
		{CCC2D6FF-7692-4BE2-905A-0654501FE08B}.Debug|Win32.ActiveCfg = Debug|Win32
		{CCC2D6FF-7692-4BE2-905A-0654501FE08B}.Debug|Win32.Build.0 = Debug|Win32
		{CCC2D6FF-7692-4BE2-905A-0654501FE08B}.Release|Win32.ActiveCfg = Release|Win32
		{CCC2D6FF-7692-4BE2-905A-0654501FE08B}.Release|Win32.Build.0 = Release|Win32
		{E5E48272-EFF6-40E4-A86C-DE856BE266CD}.Debug|Win32.ActiveCfg = Debug|Win32
		{E5E48272-EFF6-40E4-A86C-DE856BE266CD}.Debug|Win32.Build.0 = Debug|Win32
		{E5E48272-EFF6-40E4-A86C-DE856BE266CD}.Release|Win32.ActiveCfg = Release|Win32
		{E5E48272-EFF6-40E4-A86C-DE856BE266CD}.Release|Win32.Build.0 = Release|Win32
		{E7302338-6A93-4B0C-8205-85943D6D6726}.Debug|Win32.ActiveCfg = Debug|Win32
		{E7302338-6A93-4B0C-8205-85943D6D6726}.Debug|Win32.Build.0 = Debug|Win32
		{E7302338-6A93-4B0C-8205-85943D6D6726}.Release|Win32.ActiveCfg = Release|Win32
		{E7302338-6A93-4B0C-8205-85943D6D6726}.Release|Win32.Build.0 = Release|Win32
	EndGlobalSection
	GlobalSection(SolutionProperties) = preSolution
		HideSolutionNode = FALSE
	EndGlobalSection
EndGlobal
